// !$*UTF8*$!
{
	archiveVersion = 1;
	classes = {
	};
	objectVersion = 46;
	objects = {

/* Begin PBXBuildFile section */
		4F54B7661969574800174348 /* main.swift in Sources */ = {isa = PBXBuildFile; fileRef = 4F54B7651969574800174348 /* main.swift */; };
		4F54B7681969574800174348 /* AppDelegate.swift in Sources */ = {isa = PBXBuildFile; fileRef = 4F54B7671969574800174348 /* AppDelegate.swift */; };
		4F54B76A1969574800174348 /* Images.xcassets in Resources */ = {isa = PBXBuildFile; fileRef = 4F54B7691969574800174348 /* Images.xcassets */; };
		4F54B76D1969574800174348 /* MainMenu.xib in Resources */ = {isa = PBXBuildFile; fileRef = 4F54B76B1969574800174348 /* MainMenu.xib */; };
		4F54B7791969574800174348 /* CurrencyConverterTests.swift in Sources */ = {isa = PBXBuildFile; fileRef = 4F54B7781969574800174348 /* CurrencyConverterTests.swift */; };
		4F54B783196957CB00174348 /* Converter.swift in Sources */ = {isa = PBXBuildFile; fileRef = 4F54B782196957CB00174348 /* Converter.swift */; };
/* End PBXBuildFile section */

/* Begin PBXContainerItemProxy section */
		4F54B7731969574800174348 /* PBXContainerItemProxy */ = {
			isa = PBXContainerItemProxy;
			containerPortal = 4F54B7581969574800174348 /* Project object */;
			proxyType = 1;
			remoteGlobalIDString = 4F54B75F1969574800174348;
			remoteInfo = CurrencyConverter;
		};
/* End PBXContainerItemProxy section */

/* Begin PBXFileReference section */
		4F54B7601969574800174348 /* CurrencyConverter.app */ = {isa = PBXFileReference; explicitFileType = wrapper.application; includeInIndex = 0; path = CurrencyConverter.app; sourceTree = BUILT_PRODUCTS_DIR; };
		4F54B7641969574800174348 /* Info.plist */ = {isa = PBXFileReference; lastKnownFileType = text.plist.xml; path = Info.plist; sourceTree = "<group>"; };
		4F54B7651969574800174348 /* main.swift */ = {isa = PBXFileReference; lastKnownFileType = sourcecode.swift; path = main.swift; sourceTree = "<group>"; };
		4F54B7671969574800174348 /* AppDelegate.swift */ = {isa = PBXFileReference; lastKnownFileType = sourcecode.swift; path = AppDelegate.swift; sourceTree = "<group>"; };
		4F54B7691969574800174348 /* Images.xcassets */ = {isa = PBXFileReference; lastKnownFileType = folder.assetcatalog; path = Images.xcassets; sourceTree = "<group>"; };
		4F54B76C1969574800174348 /* Base */ = {isa = PBXFileReference; lastKnownFileType = file.xib; name = Base; path = Base.lproj/MainMenu.xib; sourceTree = "<group>"; };
		4F54B7721969574800174348 /* CurrencyConverterTests.xctest */ = {isa = PBXFileReference; explicitFileType = wrapper.cfbundle; includeInIndex = 0; path = CurrencyConverterTests.xctest; sourceTree = BUILT_PRODUCTS_DIR; };
		4F54B7771969574800174348 /* Info.plist */ = {isa = PBXFileReference; lastKnownFileType = text.plist.xml; path = Info.plist; sourceTree = "<group>"; };
		4F54B7781969574800174348 /* CurrencyConverterTests.swift */ = {isa = PBXFileReference; lastKnownFileType = sourcecode.swift; path = CurrencyConverterTests.swift; sourceTree = "<group>"; };
		4F54B782196957CB00174348 /* Converter.swift */ = {isa = PBXFileReference; fileEncoding = 4; lastKnownFileType = sourcecode.swift; path = Converter.swift; sourceTree = "<group>"; };
/* End PBXFileReference section */

/* Begin PBXFrameworksBuildPhase section */
		4F54B75D1969574800174348 /* Frameworks */ = {
			isa = PBXFrameworksBuildPhase;
			buildActionMask = 2147483647;
			files = (
			);
			runOnlyForDeploymentPostprocessing = 0;
		};
		4F54B76F1969574800174348 /* Frameworks */ = {
			isa = PBXFrameworksBuildPhase;
			buildActionMask = 2147483647;
			files = (
			);
			runOnlyForDeploymentPostprocessing = 0;
		};
/* End PBXFrameworksBuildPhase section */

/* Begin PBXGroup section */
		4F54B7571969574800174348 = {
			isa = PBXGroup;
			children = (
				4F54B7621969574800174348 /* CurrencyConverter */,
				4F54B7751969574800174348 /* CurrencyConverterTests */,
				4F54B7611969574800174348 /* Products */,
			);
			sourceTree = "<group>";
		};
		4F54B7611969574800174348 /* Products */ = {
			isa = PBXGroup;
			children = (
				4F54B7601969574800174348 /* CurrencyConverter.app */,
				4F54B7721969574800174348 /* CurrencyConverterTests.xctest */,
			);
			name = Products;
			sourceTree = "<group>";
		};
		4F54B7621969574800174348 /* CurrencyConverter */ = {
			isa = PBXGroup;
			children = (
				4F54B7671969574800174348 /* AppDelegate.swift */,
				4F54B7691969574800174348 /* Images.xcassets */,
				4F54B76B1969574800174348 /* MainMenu.xib */,
				4F54B7631969574800174348 /* Supporting Files */,
				4F54B782196957CB00174348 /* Converter.swift */,
			);
			path = CurrencyConverter;
			sourceTree = "<group>";
		};
		4F54B7631969574800174348 /* Supporting Files */ = {
			isa = PBXGroup;
			children = (
				4F54B7641969574800174348 /* Info.plist */,
				4F54B7651969574800174348 /* main.swift */,
			);
			name = "Supporting Files";
			sourceTree = "<group>";
		};
		4F54B7751969574800174348 /* CurrencyConverterTests */ = {
			isa = PBXGroup;
			children = (
				4F54B7781969574800174348 /* CurrencyConverterTests.swift */,
				4F54B7761969574800174348 /* Supporting Files */,
			);
			path = CurrencyConverterTests;
			sourceTree = "<group>";
		};
		4F54B7761969574800174348 /* Supporting Files */ = {
			isa = PBXGroup;
			children = (
				4F54B7771969574800174348 /* Info.plist */,
			);
			name = "Supporting Files";
			sourceTree = "<group>";
		};
/* End PBXGroup section */

/* Begin PBXNativeTarget section */
		4F54B75F1969574800174348 /* CurrencyConverter */ = {
			isa = PBXNativeTarget;
			buildConfigurationList = 4F54B77C1969574800174348 /* Build configuration list for PBXNativeTarget "CurrencyConverter" */;
			buildPhases = (
				4F54B75C1969574800174348 /* Sources */,
				4F54B75D1969574800174348 /* Frameworks */,
				4F54B75E1969574800174348 /* Resources */,
			);
			buildRules = (
			);
			dependencies = (
			);
			name = CurrencyConverter;
			productName = CurrencyConverter;
			productReference = 4F54B7601969574800174348 /* CurrencyConverter.app */;
			productType = "com.apple.product-type.application";
		};
		4F54B7711969574800174348 /* CurrencyConverterTests */ = {
			isa = PBXNativeTarget;
			buildConfigurationList = 4F54B77F1969574800174348 /* Build configuration list for PBXNativeTarget "CurrencyConverterTests" */;
			buildPhases = (
				4F54B76E1969574800174348 /* Sources */,
				4F54B76F1969574800174348 /* Frameworks */,
				4F54B7701969574800174348 /* Resources */,
			);
			buildRules = (
			);
			dependencies = (
				4F54B7741969574800174348 /* PBXTargetDependency */,
			);
			name = CurrencyConverterTests;
			productName = CurrencyConverterTests;
			productReference = 4F54B7721969574800174348 /* CurrencyConverterTests.xctest */;
			productType = "com.apple.product-type.bundle.unit-test";
		};
/* End PBXNativeTarget section */

/* Begin PBXProject section */
		4F54B7581969574800174348 /* Project object */ = {
			isa = PBXProject;
			attributes = {
				LastUpgradeCheck = 0600;
				ORGANIZATIONNAME = m0a;
				TargetAttributes = {
					4F54B75F1969574800174348 = {
						CreatedOnToolsVersion = 6.0;
					};
					4F54B7711969574800174348 = {
						CreatedOnToolsVersion = 6.0;
						TestTargetID = 4F54B75F1969574800174348;
					};
				};
			};
			buildConfigurationList = 4F54B75B1969574800174348 /* Build configuration list for PBXProject "CurrencyConverter" */;
			compatibilityVersion = "Xcode 3.2";
			developmentRegion = English;
			hasScannedForEncodings = 0;
			knownRegions = (
				en,
				Base,
			);
			mainGroup = 4F54B7571969574800174348;
			productRefGroup = 4F54B7611969574800174348 /* Products */;
			projectDirPath = "";
			projectRoot = "";
			targets = (
				4F54B75F1969574800174348 /* CurrencyConverter */,
				4F54B7711969574800174348 /* CurrencyConverterTests */,
			);
		};
/* End PBXProject section */

/* Begin PBXResourcesBuildPhase section */
		4F54B75E1969574800174348 /* Resources */ = {
			isa = PBXResourcesBuildPhase;
			buildActionMask = 2147483647;
			files = (
				4F54B76A1969574800174348 /* Images.xcassets in Resources */,
				4F54B76D1969574800174348 /* MainMenu.xib in Resources */,
			);
			runOnlyForDeploymentPostprocessing = 0;
		};
		4F54B7701969574800174348 /* Resources */ = {
			isa = PBXResourcesBuildPhase;
			buildActionMask = 2147483647;
			files = (
			);
			runOnlyForDeploymentPostprocessing = 0;
		};
/* End PBXResourcesBuildPhase section */

/* Begin PBXSourcesBuildPhase section */
		4F54B75C1969574800174348 /* Sources */ = {
			isa = PBXSourcesBuildPhase;
			buildActionMask = 2147483647;
			files = (
				4F54B7681969574800174348 /* AppDelegate.swift in Sources */,
				4F54B783196957CB00174348 /* Converter.swift in Sources */,
				4F54B7661969574800174348 /* main.swift in Sources */,
			);
			runOnlyForDeploymentPostprocessing = 0;
		};
		4F54B76E1969574800174348 /* Sources */ = {
			isa = PBXSourcesBuildPhase;
			buildActionMask = 2147483647;
			files = (
				4F54B7791969574800174348 /* CurrencyConverterTests.swift in Sources */,
			);
			runOnlyForDeploymentPostprocessing = 0;
		};
/* End PBXSourcesBuildPhase section */

/* Begin PBXTargetDependency section */
		4F54B7741969574800174348 /* PBXTargetDependency */ = {
			isa = PBXTargetDependency;
			target = 4F54B75F1969574800174348 /* CurrencyConverter */;
			targetProxy = 4F54B7731969574800174348 /* PBXContainerItemProxy */;
		};
/* End PBXTargetDependency section */

/* Begin PBXVariantGroup section */
		4F54B76B1969574800174348 /* MainMenu.xib */ = {
			isa = PBXVariantGroup;
			children = (
				4F54B76C1969574800174348 /* Base */,
			);
			name = MainMenu.xib;
			sourceTree = "<group>";
		};
/* End PBXVariantGroup section */

/* Begin XCBuildConfiguration section */
		4F54B77A1969574800174348 /* Debug */ = {
			isa = XCBuildConfiguration;
			buildSettings = {
				ALWAYS_SEARCH_USER_PATHS = NO;
				CLANG_CXX_LANGUAGE_STANDARD = "gnu++0x";
				CLANG_CXX_LIBRARY = "libc++";
				CLANG_ENABLE_MODULES = YES;
				CLANG_ENABLE_OBJC_ARC = YES;
				CLANG_WARN_BOOL_CONVERSION = YES;
				CLANG_WARN_CONSTANT_CONVERSION = YES;
				CLANG_WARN_DIRECT_OBJC_ISA_USAGE = YES_ERROR;
				CLANG_WARN_EMPTY_BODY = YES;
				CLANG_WARN_ENUM_CONVERSION = YES;
				CLANG_WARN_INT_CONVERSION = YES;
				CLANG_WARN_OBJC_ROOT_CLASS = YES_ERROR;
				CLANG_WARN_UNREACHABLE_CODE = YES;
				CLANG_WARN__DUPLICATE_METHOD_MATCH = YES;
				CODE_SIGN_IDENTITY = "-";
				COPY_PHASE_STRIP = NO;
				ENABLE_STRICT_OBJC_MSGSEND = YES;
				GCC_C_LANGUAGE_STANDARD = gnu99;
				GCC_DYNAMIC_NO_PIC = NO;
				GCC_OPTIMIZATION_LEVEL = 0;
				GCC_PREPROCESSOR_DEFINITIONS = (
					"DEBUG=1",
					"$(inherited)",
				);
				GCC_SYMBOLS_PRIVATE_EXTERN = NO;
				GCC_WARN_64_TO_32_BIT_CONVERSION = YES;
				GCC_WARN_ABOUT_RETURN_TYPE = YES_ERROR;
				GCC_WARN_UNDECLARED_SELECTOR = YES;
				GCC_WARN_UNINITIALIZED_AUTOS = YES_AGGRESSIVE;
				GCC_WARN_UNUSED_FUNCTION = YES;
				GCC_WARN_UNUSED_VARIABLE = YES;
				MACOSX_DEPLOYMENT_TARGET = 10.9;
				METAL_ENABLE_DEBUG_INFO = YES;
				ONLY_ACTIVE_ARCH = YES;
				SDKROOT = macosx;
				SWIFT_OPTIMIZATION_LEVEL = "-Onone";
			};
			name = Debug;
		};
		4F54B77B1969574800174348 /* Release */ = {
			isa = XCBuildConfiguration;
			buildSettings = {
				ALWAYS_SEARCH_USER_PATHS = NO;
				CLANG_CXX_LANGUAGE_STANDARD = "gnu++0x";
				CLANG_CXX_LIBRARY = "libc++";
				CLANG_ENABLE_MODULES = YES;
				CLANG_ENABLE_OBJC_ARC = YES;
				CLANG_WARN_BOOL_CONVERSION = YES;
				CLANG_WARN_CONSTANT_CONVERSION = YES;
				CLANG_WARN_DIRECT_OBJC_ISA_USAGE = YES_ERROR;
				CLANG_WARN_EMPTY_BODY = YES;
				CLANG_WARN_ENUM_CONVERSION = YES;
				CLANG_WARN_INT_CONVERSION = YES;
				CLANG_WARN_OBJC_ROOT_CLASS = YES_ERROR;
				CLANG_WARN_UNREACHABLE_CODE = YES;
				CLANG_WARN__DUPLICATE_METHOD_MATCH = YES;
				CODE_SIGN_IDENTITY = "-";
				COPY_PHASE_STRIP = YES;
				DEBUG_INFORMATION_FORMAT = "dwarf-with-dsym";
				ENABLE_NS_ASSERTIONS = NO;
				ENABLE_STRICT_OBJC_MSGSEND = YES;
				GCC_C_LANGUAGE_STANDARD = gnu99;
				GCC_WARN_64_TO_32_BIT_CONVERSION = YES;
				GCC_WARN_ABOUT_RETURN_TYPE = YES_ERROR;
				GCC_WARN_UNDECLARED_SELECTOR = YES;
				GCC_WARN_UNINITIALIZED_AUTOS = YES_AGGRESSIVE;
				GCC_WARN_UNUSED_FUNCTION = YES;
				GCC_WARN_UNUSED_VARIABLE = YES;
				MACOSX_DEPLOYMENT_TARGET = 10.9;
				METAL_ENABLE_DEBUG_INFO = NO;
				SDKROOT = macosx;
			};
			name = Release;
		};
		4F54B77D1969574800174348 /* Debug */ = {
			isa = XCBuildConfiguration;
			buildSettings = {
				ASSETCATALOG_COMPILER_APPICON_NAME = AppIcon;
				COMBINE_HIDPI_IMAGES = YES;
				INFOPLIST_FILE = CurrencyConverter/Info.plist;
				LD_RUNPATH_SEARCH_PATHS = "$(inherited) @executable_path/../Frameworks";
				PRODUCT_NAME = "$(TARGET_NAME)";
			};
			name = Debug;
		};
		4F54B77E1969574800174348 /* Release */ = {
			isa = XCBuildConfiguration;
			buildSettings = {
				ASSETCATALOG_COMPILER_APPICON_NAME = AppIcon;
				COMBINE_HIDPI_IMAGES = YES;
				INFOPLIST_FILE = CurrencyConverter/Info.plist;
				LD_RUNPATH_SEARCH_PATHS = "$(inherited) @executable_path/../Frameworks";
				PRODUCT_NAME = "$(TARGET_NAME)";
			};
			name = Release;
		};
		4F54B7801969574800174348 /* Debug */ = {
			isa = XCBuildConfiguration;
			buildSettings = {
				BUNDLE_LOADER = "$(BUILT_PRODUCTS_DIR)/CurrencyConverter.app/Contents/MacOS/CurrencyConverter";
				COMBINE_HIDPI_IMAGES = YES;
				FRAMEWORK_SEARCH_PATHS = (
					"$(DEVELOPER_FRAMEWORKS_DIR)",
					"$(inherited)",
				);
				GCC_PREPROCESSOR_DEFINITIONS = (
					"DEBUG=1",
					"$(inherited)",
				);
				INFOPLIST_FILE = CurrencyConverterTests/Info.plist;
				LD_RUNPATH_SEARCH_PATHS = "$(inherited) @executable_path/../Frameworks @loader_path/../Frameworks";
				METAL_ENABLE_DEBUG_INFO = YES;
				PRODUCT_NAME = "$(TARGET_NAME)";
				TEST_HOST = "$(BUNDLE_LOADER)";
			};
			name = Debug;
		};
		4F54B7811969574800174348 /* Release */ = {
			isa = XCBuildConfiguration;
			buildSettings = {
				BUNDLE_LOADER = "$(BUILT_PRODUCTS_DIR)/CurrencyConverter.app/Contents/MacOS/CurrencyConverter";
				COMBINE_HIDPI_IMAGES = YES;
				FRAMEWORK_SEARCH_PATHS = (
					"$(DEVELOPER_FRAMEWORKS_DIR)",
					"$(inherited)",
				);
				INFOPLIST_FILE = CurrencyConverterTests/Info.plist;
				LD_RUNPATH_SEARCH_PATHS = "$(inherited) @executable_path/../Frameworks @loader_path/../Frameworks";
				METAL_ENABLE_DEBUG_INFO = NO;
				PRODUCT_NAME = "$(TARGET_NAME)";
				TEST_HOST = "$(BUNDLE_LOADER)";
			};
			name = Release;
		};
/* End XCBuildConfiguration section */

/* Begin XCConfigurationList section */
		4F54B75B1969574800174348 /* Build configuration list for PBXProject "CurrencyConverter" */ = {
			isa = XCConfigurationList;
			buildConfigurations = (
				4F54B77A1969574800174348 /* Debug */,
				4F54B77B1969574800174348 /* Release */,
			);
			defaultConfigurationIsVisible = 0;
			defaultConfigurationName = Release;
		};
		4F54B77C1969574800174348 /* Build configuration list for PBXNativeTarget "CurrencyConverter" */ = {
			isa = XCConfigurationList;
			buildConfigurations = (
				4F54B77D1969574800174348 /* Debug */,
				4F54B77E1969574800174348 /* Release */,
			);
			defaultConfigurationIsVisible = 0;
		};
		4F54B77F1969574800174348 /* Build configuration list for PBXNativeTarget "CurrencyConverterTests" */ = {
			isa = XCConfigurationList;
			buildConfigurations = (
				4F54B7801969574800174348 /* Debug */,
				4F54B7811969574800174348 /* Release */,
			);
			defaultConfigurationIsVisible = 0;
		};
/* End XCConfigurationList section */
	};
	rootObject = 4F54B7581969574800174348 /* Project object */;
}
